
Microsoft Visual Studio Solution File, Format Version 12.00
# Visual Studio Version 17
VisualStudioVersion = 17.0.31919.166
MinimumVisualStudioVersion = 10.0.40219.1
Project("{9A19103F-16F7-4668-BE54-9A1E7A4F7556}") = "OpenSsl.Crypto.Utility", "src\OpenSsl.Crypto.Utility\OpenSsl.Crypto.Utility.csproj", "{B5E13EE3-7401-4B4F-8B7E-46744454A188}"
EndProject
Project("{9A19103F-16F7-4668-BE54-9A1E7A4F7556}") = "UnitTests", "src\UnitTests\UnitTests.csproj", "{34DD64D3-A598-47D9-A3F0-447299F75F50}"
EndProject
Project("{FAE04EC0-301F-11D3-BF4B-00C04F79EFBC}") = "WebApp1", "WebApp1\WebApp1.csproj", "{D34480C8-F6BA-42D8-8D85-3AE4F67B32F8}"
EndProject
Project("{FAE04EC0-301F-11D3-BF4B-00C04F79EFBC}") = "WebApp2", "WebApp2\WebApp2.csproj", "{9EDFBC70-FB25-448B-98E4-8B3AEE58F001}"
EndProject
Global
	GlobalSection(SolutionConfigurationPlatforms) = preSolution
		Debug|Any CPU = Debug|Any CPU
		Release|Any CPU = Release|Any CPU
	EndGlobalSection
	GlobalSection(ProjectConfigurationPlatforms) = postSolution
		{B5E13EE3-7401-4B4F-8B7E-46744454A188}.Debug|Any CPU.ActiveCfg = Debug|Any CPU
		{B5E13EE3-7401-4B4F-8B7E-46744454A188}.Debug|Any CPU.Build.0 = Debug|Any CPU
		{B5E13EE3-7401-4B4F-8B7E-46744454A188}.Release|Any CPU.ActiveCfg = Release|Any CPU
		{B5E13EE3-7401-4B4F-8B7E-46744454A188}.Release|Any CPU.Build.0 = Release|Any CPU
		{34DD64D3-A598-47D9-A3F0-447299F75F50}.Debug|Any CPU.ActiveCfg = Debug|Any CPU
		{34DD64D3-A598-47D9-A3F0-447299F75F50}.Debug|Any CPU.Build.0 = Debug|Any CPU
		{34DD64D3-A598-47D9-A3F0-447299F75F50}.Release|Any CPU.ActiveCfg = Release|Any CPU
		{34DD64D3-A598-47D9-A3F0-447299F75F50}.Release|Any CPU.Build.0 = Release|Any CPU
		{D34480C8-F6BA-42D8-8D85-3AE4F67B32F8}.Debug|Any CPU.ActiveCfg = Debug|Any CPU
		{D34480C8-F6BA-42D8-8D85-3AE4F67B32F8}.Debug|Any CPU.Build.0 = Debug|Any CPU
		{D34480C8-F6BA-42D8-8D85-3AE4F67B32F8}.Release|Any CPU.ActiveCfg = Release|Any CPU
		{D34480C8-F6BA-42D8-8D85-3AE4F67B32F8}.Release|Any CPU.Build.0 = Release|Any CPU
		{9EDFBC70-FB25-448B-98E4-8B3AEE58F001}.Debug|Any CPU.ActiveCfg = Debug|Any CPU
		{9EDFBC70-FB25-448B-98E4-8B3AEE58F001}.Debug|Any CPU.Build.0 = Debug|Any CPU
		{9EDFBC70-FB25-448B-98E4-8B3AEE58F001}.Release|Any CPU.ActiveCfg = Release|Any CPU
		{9EDFBC70-FB25-448B-98E4-8B3AEE58F001}.Release|Any CPU.Build.0 = Release|Any CPU
	EndGlobalSection
	GlobalSection(SolutionProperties) = preSolution
		HideSolutionNode = FALSE
	EndGlobalSection
	GlobalSection(ExtensibilityGlobals) = postSolution
		SolutionGuid = {3349FCEC-5C55-451B-9266-69D2963181ED}
	EndGlobalSection
EndGlobal
